// !$*UTF8*$!
{
	archiveVersion = 1;
	classes = {
	};
	objectVersion = 46;
	objects = {

/* Begin PBXBuildFile section */
		6E43A6551F7C9DCB00EAC665 /* main.m in Sources */ = {isa = PBXBuildFile; fileRef = 6E43A6541F7C9DCB00EAC665 /* main.m */; };
		6E43A6581F7C9DCB00EAC665 /* AppDelegate.m in Sources */ = {isa = PBXBuildFile; fileRef = 6E43A6571F7C9DCB00EAC665 /* AppDelegate.m */; };
		6E43A65B1F7C9DCB00EAC665 /* ViewController.m in Sources */ = {isa = PBXBuildFile; fileRef = 6E43A65A1F7C9DCB00EAC665 /* ViewController.m */; };
		6E43A65E1F7C9DCB00EAC665 /* Main.storyboard in Resources */ = {isa = PBXBuildFile; fileRef = 6E43A65C1F7C9DCB00EAC665 /* Main.storyboard */; };
		6E43A6601F7C9DCB00EAC665 /* Assets.xcassets in Resources */ = {isa = PBXBuildFile; fileRef = 6E43A65F1F7C9DCB00EAC665 /* Assets.xcassets */; };
		6E43A6631F7C9DCB00EAC665 /* LaunchScreen.storyboard in Resources */ = {isa = PBXBuildFile; fileRef = 6E43A6611F7C9DCB00EAC665 /* LaunchScreen.storyboard */; };
		6E43A66E1F7C9DCB00EAC665 /* MVVMReactiveTests.m in Sources */ = {isa = PBXBuildFile; fileRef = 6E43A66D1F7C9DCB00EAC665 /* MVVMReactiveTests.m */; };
		6E43A6791F7C9DCB00EAC665 /* MVVMReactiveUITests.m in Sources */ = {isa = PBXBuildFile; fileRef = 6E43A6781F7C9DCB00EAC665 /* MVVMReactiveUITests.m */; };
/* End PBXBuildFile section */

/* Begin PBXContainerItemProxy section */
		6E43A66A1F7C9DCB00EAC665 /* PBXContainerItemProxy */ = {
			isa = PBXContainerItemProxy;
			containerPortal = 6E43A6481F7C9DCB00EAC665 /* Project object */;
			proxyType = 1;
			remoteGlobalIDString = 6E43A64F1F7C9DCB00EAC665;
			remoteInfo = MVVMReactive;
		};
		6E43A6751F7C9DCB00EAC665 /* PBXContainerItemProxy */ = {
			isa = PBXContainerItemProxy;
			containerPortal = 6E43A6481F7C9DCB00EAC665 /* Project object */;
			proxyType = 1;
			remoteGlobalIDString = 6E43A64F1F7C9DCB00EAC665;
			remoteInfo = MVVMReactive;
		};
/* End PBXContainerItemProxy section */

/* Begin PBXFileReference section */
		6E43A6501F7C9DCB00EAC665 /* MVVMReactive.app */ = {isa = PBXFileReference; explicitFileType = wrapper.application; includeInIndex = 0; path = MVVMReactive.app; sourceTree = BUILT_PRODUCTS_DIR; };
		6E43A6541F7C9DCB00EAC665 /* main.m */ = {isa = PBXFileReference; lastKnownFileType = sourcecode.c.objc; path = main.m; sourceTree = "<group>"; };
		6E43A6561F7C9DCB00EAC665 /* AppDelegate.h */ = {isa = PBXFileReference; lastKnownFileType = sourcecode.c.h; path = AppDelegate.h; sourceTree = "<group>"; };
		6E43A6571F7C9DCB00EAC665 /* AppDelegate.m */ = {isa = PBXFileReference; lastKnownFileType = sourcecode.c.objc; path = AppDelegate.m; sourceTree = "<group>"; };
		6E43A6591F7C9DCB00EAC665 /* ViewController.h */ = {isa = PBXFileReference; lastKnownFileType = sourcecode.c.h; path = ViewController.h; sourceTree = "<group>"; };
		6E43A65A1F7C9DCB00EAC665 /* ViewController.m */ = {isa = PBXFileReference; lastKnownFileType = sourcecode.c.objc; path = ViewController.m; sourceTree = "<group>"; };
		6E43A65D1F7C9DCB00EAC665 /* Base */ = {isa = PBXFileReference; lastKnownFileType = file.storyboard; name = Base; path = Base.lproj/Main.storyboard; sourceTree = "<group>"; };
		6E43A65F1F7C9DCB00EAC665 /* Assets.xcassets */ = {isa = PBXFileReference; lastKnownFileType = folder.assetcatalog; path = Assets.xcassets; sourceTree = "<group>"; };
		6E43A6621F7C9DCB00EAC665 /* Base */ = {isa = PBXFileReference; lastKnownFileType = file.storyboard; name = Base; path = Base.lproj/LaunchScreen.storyboard; sourceTree = "<group>"; };
		6E43A6641F7C9DCB00EAC665 /* Info.plist */ = {isa = PBXFileReference; lastKnownFileType = text.plist.xml; path = Info.plist; sourceTree = "<group>"; };
		6E43A6691F7C9DCB00EAC665 /* MVVMReactiveTests.xctest */ = {isa = PBXFileReference; explicitFileType = wrapper.cfbundle; includeInIndex = 0; path = MVVMReactiveTests.xctest; sourceTree = BUILT_PRODUCTS_DIR; };
		6E43A66D1F7C9DCB00EAC665 /* MVVMReactiveTests.m */ = {isa = PBXFileReference; lastKnownFileType = sourcecode.c.objc; path = MVVMReactiveTests.m; sourceTree = "<group>"; };
		6E43A66F1F7C9DCB00EAC665 /* Info.plist */ = {isa = PBXFileReference; lastKnownFileType = text.plist.xml; path = Info.plist; sourceTree = "<group>"; };
		6E43A6741F7C9DCB00EAC665 /* MVVMReactiveUITests.xctest */ = {isa = PBXFileReference; explicitFileType = wrapper.cfbundle; includeInIndex = 0; path = MVVMReactiveUITests.xctest; sourceTree = BUILT_PRODUCTS_DIR; };
		6E43A6781F7C9DCB00EAC665 /* MVVMReactiveUITests.m */ = {isa = PBXFileReference; lastKnownFileType = sourcecode.c.objc; path = MVVMReactiveUITests.m; sourceTree = "<group>"; };
		6E43A67A1F7C9DCB00EAC665 /* Info.plist */ = {isa = PBXFileReference; lastKnownFileType = text.plist.xml; path = Info.plist; sourceTree = "<group>"; };
/* End PBXFileReference section */

/* Begin PBXFrameworksBuildPhase section */
		6E43A64D1F7C9DCB00EAC665 /* Frameworks */ = {
			isa = PBXFrameworksBuildPhase;
			buildActionMask = 2147483647;
			files = (
			);
			runOnlyForDeploymentPostprocessing = 0;
		};
		6E43A6661F7C9DCB00EAC665 /* Frameworks */ = {
			isa = PBXFrameworksBuildPhase;
			buildActionMask = 2147483647;
			files = (
			);
			runOnlyForDeploymentPostprocessing = 0;
		};
		6E43A6711F7C9DCB00EAC665 /* Frameworks */ = {
			isa = PBXFrameworksBuildPhase;
			buildActionMask = 2147483647;
			files = (
			);
			runOnlyForDeploymentPostprocessing = 0;
		};
/* End PBXFrameworksBuildPhase section */

/* Begin PBXGroup section */
		6E43A6471F7C9DCB00EAC665 = {
			isa = PBXGroup;
			children = (
				6E43A6521F7C9DCB00EAC665 /* MVVMReactive */,
				6E43A66C1F7C9DCB00EAC665 /* MVVMReactiveTests */,
				6E43A6771F7C9DCB00EAC665 /* MVVMReactiveUITests */,
				6E43A6511F7C9DCB00EAC665 /* Products */,
			);
			sourceTree = "<group>";
		};
		6E43A6511F7C9DCB00EAC665 /* Products */ = {
			isa = PBXGroup;
			children = (
				6E43A6501F7C9DCB00EAC665 /* MVVMReactive.app */,
				6E43A6691F7C9DCB00EAC665 /* MVVMReactiveTests.xctest */,
				6E43A6741F7C9DCB00EAC665 /* MVVMReactiveUITests.xctest */,
			);
			name = Products;
			sourceTree = "<group>";
		};
		6E43A6521F7C9DCB00EAC665 /* MVVMReactive */ = {
			isa = PBXGroup;
			children = (
				6E43A6561F7C9DCB00EAC665 /* AppDelegate.h */,
				6E43A6571F7C9DCB00EAC665 /* AppDelegate.m */,
				6E43A6591F7C9DCB00EAC665 /* ViewController.h */,
				6E43A65A1F7C9DCB00EAC665 /* ViewController.m */,
				6E43A65C1F7C9DCB00EAC665 /* Main.storyboard */,
				6E43A65F1F7C9DCB00EAC665 /* Assets.xcassets */,
				6E43A6611F7C9DCB00EAC665 /* LaunchScreen.storyboard */,
				6E43A6641F7C9DCB00EAC665 /* Info.plist */,
				6E43A6531F7C9DCB00EAC665 /* Supporting Files */,
			);
			path = MVVMReactive;
			sourceTree = "<group>";
		};
		6E43A6531F7C9DCB00EAC665 /* Supporting Files */ = {
			isa = PBXGroup;
			children = (
				6E43A6541F7C9DCB00EAC665 /* main.m */,
			);
			name = "Supporting Files";
			sourceTree = "<group>";
		};
		6E43A66C1F7C9DCB00EAC665 /* MVVMReactiveTests */ = {
			isa = PBXGroup;
			children = (
				6E43A66D1F7C9DCB00EAC665 /* MVVMReactiveTests.m */,
				6E43A66F1F7C9DCB00EAC665 /* Info.plist */,
			);
			path = MVVMReactiveTests;
			sourceTree = "<group>";
		};
		6E43A6771F7C9DCB00EAC665 /* MVVMReactiveUITests */ = {
			isa = PBXGroup;
			children = (
				6E43A6781F7C9DCB00EAC665 /* MVVMReactiveUITests.m */,
				6E43A67A1F7C9DCB00EAC665 /* Info.plist */,
			);
			path = MVVMReactiveUITests;
			sourceTree = "<group>";
		};
/* End PBXGroup section */

/* Begin PBXNativeTarget section */
		6E43A64F1F7C9DCB00EAC665 /* MVVMReactive */ = {
			isa = PBXNativeTarget;
			buildConfigurationList = 6E43A67D1F7C9DCB00EAC665 /* Build configuration list for PBXNativeTarget "MVVMReactive" */;
			buildPhases = (
				6E43A64C1F7C9DCB00EAC665 /* Sources */,
				6E43A64D1F7C9DCB00EAC665 /* Frameworks */,
				6E43A64E1F7C9DCB00EAC665 /* Resources */,
			);
			buildRules = (
			);
			dependencies = (
			);
			name = MVVMReactive;
			productName = MVVMReactive;
			productReference = 6E43A6501F7C9DCB00EAC665 /* MVVMReactive.app */;
			productType = "com.apple.product-type.application";
		};
		6E43A6681F7C9DCB00EAC665 /* MVVMReactiveTests */ = {
			isa = PBXNativeTarget;
			buildConfigurationList = 6E43A6801F7C9DCB00EAC665 /* Build configuration list for PBXNativeTarget "MVVMReactiveTests" */;
			buildPhases = (
				6E43A6651F7C9DCB00EAC665 /* Sources */,
				6E43A6661F7C9DCB00EAC665 /* Frameworks */,
				6E43A6671F7C9DCB00EAC665 /* Resources */,
			);
			buildRules = (
			);
			dependencies = (
				6E43A66B1F7C9DCB00EAC665 /* PBXTargetDependency */,
			);
			name = MVVMReactiveTests;
			productName = MVVMReactiveTests;
			productReference = 6E43A6691F7C9DCB00EAC665 /* MVVMReactiveTests.xctest */;
			productType = "com.apple.product-type.bundle.unit-test";
		};
		6E43A6731F7C9DCB00EAC665 /* MVVMReactiveUITests */ = {
			isa = PBXNativeTarget;
			buildConfigurationList = 6E43A6831F7C9DCB00EAC665 /* Build configuration list for PBXNativeTarget "MVVMReactiveUITests" */;
			buildPhases = (
				6E43A6701F7C9DCB00EAC665 /* Sources */,
				6E43A6711F7C9DCB00EAC665 /* Frameworks */,
				6E43A6721F7C9DCB00EAC665 /* Resources */,
			);
			buildRules = (
			);
			dependencies = (
				6E43A6761F7C9DCB00EAC665 /* PBXTargetDependency */,
			);
			name = MVVMReactiveUITests;
			productName = MVVMReactiveUITests;
			productReference = 6E43A6741F7C9DCB00EAC665 /* MVVMReactiveUITests.xctest */;
			productType = "com.apple.product-type.bundle.ui-testing";
		};
/* End PBXNativeTarget section */

/* Begin PBXProject section */
		6E43A6481F7C9DCB00EAC665 /* Project object */ = {
			isa = PBXProject;
			attributes = {
				LastUpgradeCheck = 0830;
				ORGANIZATIONNAME = QSP;
				TargetAttributes = {
					6E43A64F1F7C9DCB00EAC665 = {
						CreatedOnToolsVersion = 8.3.3;
						ProvisioningStyle = Automatic;
					};
					6E43A6681F7C9DCB00EAC665 = {
						CreatedOnToolsVersion = 8.3.3;
						ProvisioningStyle = Automatic;
						TestTargetID = 6E43A64F1F7C9DCB00EAC665;
					};
					6E43A6731F7C9DCB00EAC665 = {
						CreatedOnToolsVersion = 8.3.3;
						ProvisioningStyle = Automatic;
						TestTargetID = 6E43A64F1F7C9DCB00EAC665;
					};
				};
			};
			buildConfigurationList = 6E43A64B1F7C9DCB00EAC665 /* Build configuration list for PBXProject "MVVMReactive" */;
			compatibilityVersion = "Xcode 3.2";
			developmentRegion = English;
			hasScannedForEncodings = 0;
			knownRegions = (
				en,
				Base,
			);
			mainGroup = 6E43A6471F7C9DCB00EAC665;
			productRefGroup = 6E43A6511F7C9DCB00EAC665 /* Products */;
			projectDirPath = "";
			projectRoot = "";
			targets = (
				6E43A64F1F7C9DCB00EAC665 /* MVVMReactive */,
				6E43A6681F7C9DCB00EAC665 /* MVVMReactiveTests */,
				6E43A6731F7C9DCB00EAC665 /* MVVMReactiveUITests */,
			);
		};
/* End PBXProject section */

/* Begin PBXResourcesBuildPhase section */
		6E43A64E1F7C9DCB00EAC665 /* Resources */ = {
			isa = PBXResourcesBuildPhase;
			buildActionMask = 2147483647;
			files = (
				6E43A6631F7C9DCB00EAC665 /* LaunchScreen.storyboard in Resources */,
				6E43A6601F7C9DCB00EAC665 /* Assets.xcassets in Resources */,
				6E43A65E1F7C9DCB00EAC665 /* Main.storyboard in Resources */,
			);
			runOnlyForDeploymentPostprocessing = 0;
		};
		6E43A6671F7C9DCB00EAC665 /* Resources */ = {
			isa = PBXResourcesBuildPhase;
			buildActionMask = 2147483647;
			files = (
			);
			runOnlyForDeploymentPostprocessing = 0;
		};
		6E43A6721F7C9DCB00EAC665 /* Resources */ = {
			isa = PBXResourcesBuildPhase;
			buildActionMask = 2147483647;
			files = (
			);
			runOnlyForDeploymentPostprocessing = 0;
		};
/* End PBXResourcesBuildPhase section */

/* Begin PBXSourcesBuildPhase section */
		6E43A64C1F7C9DCB00EAC665 /* Sources */ = {
			isa = PBXSourcesBuildPhase;
			buildActionMask = 2147483647;
			files = (
				6E43A65B1F7C9DCB00EAC665 /* ViewController.m in Sources */,
				6E43A6581F7C9DCB00EAC665 /* AppDelegate.m in Sources */,
				6E43A6551F7C9DCB00EAC665 /* main.m in Sources */,
			);
			runOnlyForDeploymentPostprocessing = 0;
		};
		6E43A6651F7C9DCB00EAC665 /* Sources */ = {
			isa = PBXSourcesBuildPhase;
			buildActionMask = 2147483647;
			files = (
				6E43A66E1F7C9DCB00EAC665 /* MVVMReactiveTests.m in Sources */,
			);
			runOnlyForDeploymentPostprocessing = 0;
		};
		6E43A6701F7C9DCB00EAC665 /* Sources */ = {
			isa = PBXSourcesBuildPhase;
			buildActionMask = 2147483647;
			files = (
				6E43A6791F7C9DCB00EAC665 /* MVVMReactiveUITests.m in Sources */,
			);
			runOnlyForDeploymentPostprocessing = 0;
		};
/* End PBXSourcesBuildPhase section */

/* Begin PBXTargetDependency section */
		6E43A66B1F7C9DCB00EAC665 /* PBXTargetDependency */ = {
			isa = PBXTargetDependency;
			target = 6E43A64F1F7C9DCB00EAC665 /* MVVMReactive */;
			targetProxy = 6E43A66A1F7C9DCB00EAC665 /* PBXContainerItemProxy */;
		};
		6E43A6761F7C9DCB00EAC665 /* PBXTargetDependency */ = {
			isa = PBXTargetDependency;
			target = 6E43A64F1F7C9DCB00EAC665 /* MVVMReactive */;
			targetProxy = 6E43A6751F7C9DCB00EAC665 /* PBXContainerItemProxy */;
		};
/* End PBXTargetDependency section */

/* Begin PBXVariantGroup section */
		6E43A65C1F7C9DCB00EAC665 /* Main.storyboard */ = {
			isa = PBXVariantGroup;
			children = (
				6E43A65D1F7C9DCB00EAC665 /* Base */,
			);
			name = Main.storyboard;
			sourceTree = "<group>";
		};
		6E43A6611F7C9DCB00EAC665 /* LaunchScreen.storyboard */ = {
			isa = PBXVariantGroup;
			children = (
				6E43A6621F7C9DCB00EAC665 /* Base */,
			);
			name = LaunchScreen.storyboard;
			sourceTree = "<group>";
		};
/* End PBXVariantGroup section */

/* Begin XCBuildConfiguration section */
		6E43A67B1F7C9DCB00EAC665 /* Debug */ = {
			isa = XCBuildConfiguration;
			buildSettings = {
				ALWAYS_SEARCH_USER_PATHS = NO;
				CLANG_ANALYZER_NONNULL = YES;
				CLANG_ANALYZER_NUMBER_OBJECT_CONVERSION = YES_AGGRESSIVE;
				CLANG_CXX_LANGUAGE_STANDARD = "gnu++0x";
				CLANG_CXX_LIBRARY = "libc++";
				CLANG_ENABLE_MODULES = YES;
				CLANG_ENABLE_OBJC_ARC = YES;
				CLANG_WARN_BOOL_CONVERSION = YES;
				CLANG_WARN_CONSTANT_CONVERSION = YES;
				CLANG_WARN_DIRECT_OBJC_ISA_USAGE = YES_ERROR;
				CLANG_WARN_DOCUMENTATION_COMMENTS = YES;
				CLANG_WARN_EMPTY_BODY = YES;
				CLANG_WARN_ENUM_CONVERSION = YES;
				CLANG_WARN_INFINITE_RECURSION = YES;
				CLANG_WARN_INT_CONVERSION = YES;
				CLANG_WARN_OBJC_ROOT_CLASS = YES_ERROR;
				CLANG_WARN_SUSPICIOUS_MOVE = YES;
				CLANG_WARN_UNREACHABLE_CODE = YES;
				CLANG_WARN__DUPLICATE_METHOD_MATCH = YES;
				"CODE_SIGN_IDENTITY[sdk=iphoneos*]" = "iPhone Developer";
				COPY_PHASE_STRIP = NO;
				DEBUG_INFORMATION_FORMAT = dwarf;
				ENABLE_STRICT_OBJC_MSGSEND = YES;
				ENABLE_TESTABILITY = YES;
				GCC_C_LANGUAGE_STANDARD = gnu99;
				GCC_DYNAMIC_NO_PIC = NO;
				GCC_NO_COMMON_BLOCKS = YES;
				GCC_OPTIMIZATION_LEVEL = 0;
				GCC_PREPROCESSOR_DEFINITIONS = (
					"DEBUG=1",
					"$(inherited)",
				);
				GCC_WARN_64_TO_32_BIT_CONVERSION = YES;
				GCC_WARN_ABOUT_RETURN_TYPE = YES_ERROR;
				GCC_WARN_UNDECLARED_SELECTOR = YES;
				GCC_WARN_UNINITIALIZED_AUTOS = YES_AGGRESSIVE;
				GCC_WARN_UNUSED_FUNCTION = YES;
				GCC_WARN_UNUSED_VARIABLE = YES;
				IPHONEOS_DEPLOYMENT_TARGET = 10.3;
				MTL_ENABLE_DEBUG_INFO = YES;
				ONLY_ACTIVE_ARCH = YES;
				SDKROOT = iphoneos;
				TARGETED_DEVICE_FAMILY = "1,2";
			};
			name = Debug;
		};
		6E43A67C1F7C9DCB00EAC665 /* Release */ = {
			isa = XCBuildConfiguration;
			buildSettings = {
				ALWAYS_SEARCH_USER_PATHS = NO;
				CLANG_ANALYZER_NONNULL = YES;
				CLANG_ANALYZER_NUMBER_OBJECT_CONVERSION = YES_AGGRESSIVE;
				CLANG_CXX_LANGUAGE_STANDARD = "gnu++0x";
				CLANG_CXX_LIBRARY = "libc++";
				CLANG_ENABLE_MODULES = YES;
				CLANG_ENABLE_OBJC_ARC = YES;
				CLANG_WARN_BOOL_CONVERSION = YES;
				CLANG_WARN_CONSTANT_CONVERSION = YES;
				CLANG_WARN_DIRECT_OBJC_ISA_USAGE = YES_ERROR;
				CLANG_WARN_DOCUMENTATION_COMMENTS = YES;
				CLANG_WARN_EMPTY_BODY = YES;
				CLANG_WARN_ENUM_CONVERSION = YES;
				CLANG_WARN_INFINITE_RECURSION = YES;
				CLANG_WARN_INT_CONVERSION = YES;
				CLANG_WARN_OBJC_ROOT_CLASS = YES_ERROR;
				CLANG_WARN_SUSPICIOUS_MOVE = YES;
				CLANG_WARN_UNREACHABLE_CODE = YES;
				CLANG_WARN__DUPLICATE_METHOD_MATCH = YES;
				"CODE_SIGN_IDENTITY[sdk=iphoneos*]" = "iPhone Developer";
				COPY_PHASE_STRIP = NO;
				DEBUG_INFORMATION_FORMAT = "dwarf-with-dsym";
				ENABLE_NS_ASSERTIONS = NO;
				ENABLE_STRICT_OBJC_MSGSEND = YES;
				GCC_C_LANGUAGE_STANDARD = gnu99;
				GCC_NO_COMMON_BLOCKS = YES;
				GCC_WARN_64_TO_32_BIT_CONVERSION = YES;
				GCC_WARN_ABOUT_RETURN_TYPE = YES_ERROR;
				GCC_WARN_UNDECLARED_SELECTOR = YES;
				GCC_WARN_UNINITIALIZED_AUTOS = YES_AGGRESSIVE;
				GCC_WARN_UNUSED_FUNCTION = YES;
				GCC_WARN_UNUSED_VARIABLE = YES;
				IPHONEOS_DEPLOYMENT_TARGET = 10.3;
				MTL_ENABLE_DEBUG_INFO = NO;
				SDKROOT = iphoneos;
				TARGETED_DEVICE_FAMILY = "1,2";
				VALIDATE_PRODUCT = YES;
			};
			name = Release;
		};
		6E43A67E1F7C9DCB00EAC665 /* Debug */ = {
			isa = XCBuildConfiguration;
			buildSettings = {
				ASSETCATALOG_COMPILER_APPICON_NAME = AppIcon;
				INFOPLIST_FILE = MVVMReactive/Info.plist;
				LD_RUNPATH_SEARCH_PATHS = "$(inherited) @executable_path/Frameworks";
				PRODUCT_BUNDLE_IDENTIFIER = com.jingbei.www.MVVMReactive;
				PRODUCT_NAME = "$(TARGET_NAME)";
			};
			name = Debug;
		};
		6E43A67F1F7C9DCB00EAC665 /* Release */ = {
			isa = XCBuildConfiguration;
			buildSettings = {
				ASSETCATALOG_COMPILER_APPICON_NAME = AppIcon;
				INFOPLIST_FILE = MVVMReactive/Info.plist;
				LD_RUNPATH_SEARCH_PATHS = "$(inherited) @executable_path/Frameworks";
				PRODUCT_BUNDLE_IDENTIFIER = com.jingbei.www.MVVMReactive;
				PRODUCT_NAME = "$(TARGET_NAME)";
			};
			name = Release;
		};
		6E43A6811F7C9DCB00EAC665 /* Debug */ = {
			isa = XCBuildConfiguration;
			buildSettings = {
				BUNDLE_LOADER = "$(TEST_HOST)";
				INFOPLIST_FILE = MVVMReactiveTests/Info.plist;
				LD_RUNPATH_SEARCH_PATHS = "$(inherited) @executable_path/Frameworks @loader_path/Frameworks";
				PRODUCT_BUNDLE_IDENTIFIER = com.jingbei.www.MVVMReactiveTests;
				PRODUCT_NAME = "$(TARGET_NAME)";
				TEST_HOST = "$(BUILT_PRODUCTS_DIR)/MVVMReactive.app/MVVMReactive";
			};
			name = Debug;
		};
		6E43A6821F7C9DCB00EAC665 /* Release */ = {
			isa = XCBuildConfiguration;
			buildSettings = {
				BUNDLE_LOADER = "$(TEST_HOST)";
				INFOPLIST_FILE = MVVMReactiveTests/Info.plist;
				LD_RUNPATH_SEARCH_PATHS = "$(inherited) @executable_path/Frameworks @loader_path/Frameworks";
				PRODUCT_BUNDLE_IDENTIFIER = com.jingbei.www.MVVMReactiveTests;
				PRODUCT_NAME = "$(TARGET_NAME)";
				TEST_HOST = "$(BUILT_PRODUCTS_DIR)/MVVMReactive.app/MVVMReactive";
			};
			name = Release;
		};
		6E43A6841F7C9DCB00EAC665 /* Debug */ = {
			isa = XCBuildConfiguration;
			buildSettings = {
				INFOPLIST_FILE = MVVMReactiveUITests/Info.plist;
				LD_RUNPATH_SEARCH_PATHS = "$(inherited) @executable_path/Frameworks @loader_path/Frameworks";
				PRODUCT_BUNDLE_IDENTIFIER = com.jingbei.www.MVVMReactiveUITests;
				PRODUCT_NAME = "$(TARGET_NAME)";
				TEST_TARGET_NAME = MVVMReactive;
			};
			name = Debug;
		};
		6E43A6851F7C9DCB00EAC665 /* Release */ = {
			isa = XCBuildConfiguration;
			buildSettings = {
				INFOPLIST_FILE = MVVMReactiveUITests/Info.plist;
				LD_RUNPATH_SEARCH_PATHS = "$(inherited) @executable_path/Frameworks @loader_path/Frameworks";
				PRODUCT_BUNDLE_IDENTIFIER = com.jingbei.www.MVVMReactiveUITests;
				PRODUCT_NAME = "$(TARGET_NAME)";
				TEST_TARGET_NAME = MVVMReactive;
			};
			name = Release;
		};
/* End XCBuildConfiguration section */

/* Begin XCConfigurationList section */
		6E43A64B1F7C9DCB00EAC665 /* Build configuration list for PBXProject "MVVMReactive" */ = {
			isa = XCConfigurationList;
			buildConfigurations = (
				6E43A67B1F7C9DCB00EAC665 /* Debug */,
				6E43A67C1F7C9DCB00EAC665 /* Release */,
			);
			defaultConfigurationIsVisible = 0;
			defaultConfigurationName = Release;
		};
		6E43A67D1F7C9DCB00EAC665 /* Build configuration list for PBXNativeTarget "MVVMReactive" */ = {
			isa = XCConfigurationList;
			buildConfigurations = (
				6E43A67E1F7C9DCB00EAC665 /* Debug */,
				6E43A67F1F7C9DCB00EAC665 /* Release */,
			);
			defaultConfigurationIsVisible = 0;
		};
		6E43A6801F7C9DCB00EAC665 /* Build configuration list for PBXNativeTarget "MVVMReactiveTests" */ = {
			isa = XCConfigurationList;
			buildConfigurations = (
				6E43A6811F7C9DCB00EAC665 /* Debug */,
				6E43A6821F7C9DCB00EAC665 /* Release */,
			);
			defaultConfigurationIsVisible = 0;
		};
		6E43A6831F7C9DCB00EAC665 /* Build configuration list for PBXNativeTarget "MVVMReactiveUITests" */ = {
			isa = XCConfigurationList;
			buildConfigurations = (
				6E43A6841F7C9DCB00EAC665 /* Debug */,
				6E43A6851F7C9DCB00EAC665 /* Release */,
			);
			defaultConfigurationIsVisible = 0;
		};
/* End XCConfigurationList section */
	};
	rootObject = 6E43A6481F7C9DCB00EAC665 /* Project object */;
}
